// !$*UTF8*$!
{
	archiveVersion = 1;
	classes = {
	};
	objectVersion = 50;
	objects = {

/* Begin PBXBuildFile section */
		C722DFFB2271681A003545CC /* AppDelegate.swift in Sources */ = {isa = PBXBuildFile; fileRef = C722DFFA2271681A003545CC /* AppDelegate.swift */; };
		C722DFFD2271681A003545CC /* ViewController.swift in Sources */ = {isa = PBXBuildFile; fileRef = C722DFFC2271681A003545CC /* ViewController.swift */; };
		C722E0002271681A003545CC /* Main.storyboard in Resources */ = {isa = PBXBuildFile; fileRef = C722DFFE2271681A003545CC /* Main.storyboard */; };
		C722E0022271681A003545CC /* Assets.xcassets in Resources */ = {isa = PBXBuildFile; fileRef = C722E0012271681A003545CC /* Assets.xcassets */; };
		C722E0052271681A003545CC /* LaunchScreen.storyboard in Resources */ = {isa = PBXBuildFile; fileRef = C722E0032271681A003545CC /* LaunchScreen.storyboard */; };
/* End PBXBuildFile section */

/* Begin PBXFileReference section */
		C722DFF72271681A003545CC /* SemaphoreVsDispatchGroup.app */ = {isa = PBXFileReference; explicitFileType = wrapper.application; includeInIndex = 0; path = SemaphoreVsDispatchGroup.app; sourceTree = BUILT_PRODUCTS_DIR; };
		C722DFFA2271681A003545CC /* AppDelegate.swift */ = {isa = PBXFileReference; lastKnownFileType = sourcecode.swift; path = AppDelegate.swift; sourceTree = "<group>"; };
		C722DFFC2271681A003545CC /* ViewController.swift */ = {isa = PBXFileReference; lastKnownFileType = sourcecode.swift; path = ViewController.swift; sourceTree = "<group>"; };
		C722DFFF2271681A003545CC /* Base */ = {isa = PBXFileReference; lastKnownFileType = file.storyboard; name = Base; path = Base.lproj/Main.storyboard; sourceTree = "<group>"; };
		C722E0012271681A003545CC /* Assets.xcassets */ = {isa = PBXFileReference; lastKnownFileType = folder.assetcatalog; path = Assets.xcassets; sourceTree = "<group>"; };
		C722E0042271681A003545CC /* Base */ = {isa = PBXFileReference; lastKnownFileType = file.storyboard; name = Base; path = Base.lproj/LaunchScreen.storyboard; sourceTree = "<group>"; };
		C722E0062271681A003545CC /* Info.plist */ = {isa = PBXFileReference; lastKnownFileType = text.plist.xml; path = Info.plist; sourceTree = "<group>"; };
/* End PBXFileReference section */

/* Begin PBXFrameworksBuildPhase section */
		C722DFF42271681A003545CC /* Frameworks */ = {
			isa = PBXFrameworksBuildPhase;
			buildActionMask = 2147483647;
			files = (
			);
			runOnlyForDeploymentPostprocessing = 0;
		};
/* End PBXFrameworksBuildPhase section */

/* Begin PBXGroup section */
		C722DFEE2271681A003545CC = {
			isa = PBXGroup;
			children = (
				C722DFF92271681A003545CC /* SemaphoreVsDispatchGroup */,
				C722DFF82271681A003545CC /* Products */,
			);
			sourceTree = "<group>";
		};
		C722DFF82271681A003545CC /* Products */ = {
			isa = PBXGroup;
			children = (
				C722DFF72271681A003545CC /* SemaphoreVsDispatchGroup.app */,
			);
			name = Products;
			sourceTree = "<group>";
		};
		C722DFF92271681A003545CC /* SemaphoreVsDispatchGroup */ = {
			isa = PBXGroup;
			children = (
				C722DFFA2271681A003545CC /* AppDelegate.swift */,
				C722DFFC2271681A003545CC /* ViewController.swift */,
				C722DFFE2271681A003545CC /* Main.storyboard */,
				C722E0012271681A003545CC /* Assets.xcassets */,
				C722E0032271681A003545CC /* LaunchScreen.storyboard */,
				C722E0062271681A003545CC /* Info.plist */,
			);
			path = SemaphoreVsDispatchGroup;
			sourceTree = "<group>";
		};
/* End PBXGroup section */

/* Begin PBXNativeTarget section */
		C722DFF62271681A003545CC /* SemaphoreVsDispatchGroup */ = {
			isa = PBXNativeTarget;
			buildConfigurationList = C722E0092271681A003545CC /* Build configuration list for PBXNativeTarget "SemaphoreVsDispatchGroup" */;
			buildPhases = (
				C722DFF32271681A003545CC /* Sources */,
				C722DFF42271681A003545CC /* Frameworks */,
				C722DFF52271681A003545CC /* Resources */,
			);
			buildRules = (
			);
			dependencies = (
			);
			name = SemaphoreVsDispatchGroup;
			productName = SemaphoreVsDispatchGroup;
			productReference = C722DFF72271681A003545CC /* SemaphoreVsDispatchGroup.app */;
			productType = "com.apple.product-type.application";
		};
/* End PBXNativeTarget section */

/* Begin PBXProject section */
		C722DFEF2271681A003545CC /* Project object */ = {
			isa = PBXProject;
			attributes = {
				LastSwiftUpdateCheck = 1020;
				LastUpgradeCheck = 1020;
				ORGANIZATIONNAME = "Brian Voong";
				TargetAttributes = {
					C722DFF62271681A003545CC = {
						CreatedOnToolsVersion = 10.2;
					};
				};
			};
			buildConfigurationList = C722DFF22271681A003545CC /* Build configuration list for PBXProject "SemaphoreVsDispatchGroup" */;
			compatibilityVersion = "Xcode 9.3";
			developmentRegion = en;
			hasScannedForEncodings = 0;
			knownRegions = (
				en,
				Base,
			);
			mainGroup = C722DFEE2271681A003545CC;
			productRefGroup = C722DFF82271681A003545CC /* Products */;
			projectDirPath = "";
			projectRoot = "";
			targets = (
				C722DFF62271681A003545CC /* SemaphoreVsDispatchGroup */,
			);
		};
/* End PBXProject section */

/* Begin PBXResourcesBuildPhase section */
		C722DFF52271681A003545CC /* Resources */ = {
			isa = PBXResourcesBuildPhase;
			buildActionMask = 2147483647;
			files = (
				C722E0052271681A003545CC /* LaunchScreen.storyboard in Resources */,
				C722E0022271681A003545CC /* Assets.xcassets in Resources */,
				C722E0002271681A003545CC /* Main.storyboard in Resources */,
			);
			runOnlyForDeploymentPostprocessing = 0;
		};
/* End PBXResourcesBuildPhase section */

/* Begin PBXSourcesBuildPhase section */
		C722DFF32271681A003545CC /* Sources */ = {
			isa = PBXSourcesBuildPhase;
			buildActionMask = 2147483647;
			files = (
				C722DFFD2271681A003545CC /* ViewController.swift in Sources */,
				C722DFFB2271681A003545CC /* AppDelegate.swift in Sources */,
			);
			runOnlyForDeploymentPostprocessing = 0;
		};
/* End PBXSourcesBuildPhase section */

/* Begin PBXVariantGroup section */
		C722DFFE2271681A003545CC /* Main.storyboard */ = {
			isa = PBXVariantGroup;
			children = (
				C722DFFF2271681A003545CC /* Base */,
			);
			name = Main.storyboard;
			sourceTree = "<group>";
		};
		C722E0032271681A003545CC /* LaunchScreen.storyboard */ = {
			isa = PBXVariantGroup;
			children = (
				C722E0042271681A003545CC /* Base */,
			);
			name = LaunchScreen.storyboard;
			sourceTree = "<group>";
		};
/* End PBXVariantGroup section */

/* Begin XCBuildConfiguration section */
		C722E0072271681A003545CC /* Debug */ = {
			isa = XCBuildConfiguration;
			buildSettings = {
				ALWAYS_SEARCH_USER_PATHS = NO;
				CLANG_ANALYZER_NONNULL = YES;
				CLANG_ANALYZER_NUMBER_OBJECT_CONVERSION = YES_AGGRESSIVE;
				CLANG_CXX_LANGUAGE_STANDARD = "gnu++14";
				CLANG_CXX_LIBRARY = "libc++";
				CLANG_ENABLE_MODULES = YES;
				CLANG_ENABLE_OBJC_ARC = YES;
				CLANG_ENABLE_OBJC_WEAK = YES;
				CLANG_WARN_BLOCK_CAPTURE_AUTORELEASING = YES;
				CLANG_WARN_BOOL_CONVERSION = YES;
				CLANG_WARN_COMMA = YES;
				CLANG_WARN_CONSTANT_CONVERSION = YES;
				CLANG_WARN_DEPRECATED_OBJC_IMPLEMENTATIONS = YES;
				CLANG_WARN_DIRECT_OBJC_ISA_USAGE = YES_ERROR;
				CLANG_WARN_DOCUMENTATION_COMMENTS = YES;
				CLANG_WARN_EMPTY_BODY = YES;
				CLANG_WARN_ENUM_CONVERSION = YES;
				CLANG_WARN_INFINITE_RECURSION = YES;
				CLANG_WARN_INT_CONVERSION = YES;
				CLANG_WARN_NON_LITERAL_NULL_CONVERSION = YES;
				CLANG_WARN_OBJC_IMPLICIT_RETAIN_SELF = YES;
				CLANG_WARN_OBJC_LITERAL_CONVERSION = YES;
				CLANG_WARN_OBJC_ROOT_CLASS = YES_ERROR;
				CLANG_WARN_RANGE_LOOP_ANALYSIS = YES;
				CLANG_WARN_STRICT_PROTOTYPES = YES;
				CLANG_WARN_SUSPICIOUS_MOVE = YES;
				CLANG_WARN_UNGUARDED_AVAILABILITY = YES_AGGRESSIVE;
				CLANG_WARN_UNREACHABLE_CODE = YES;
				CLANG_WARN__DUPLICATE_METHOD_MATCH = YES;
				CODE_SIGN_IDENTITY = "iPhone Developer";
				COPY_PHASE_STRIP = NO;
				DEBUG_INFORMATION_FORMAT = dwarf;
				ENABLE_STRICT_OBJC_MSGSEND = YES;
				ENABLE_TESTABILITY = YES;
				GCC_C_LANGUAGE_STANDARD = gnu11;
				GCC_DYNAMIC_NO_PIC = NO;
				GCC_NO_COMMON_BLOCKS = YES;
				GCC_OPTIMIZATION_LEVEL = 0;
				GCC_PREPROCESSOR_DEFINITIONS = (
					"DEBUG=1",
					"$(inherited)",
				);
				GCC_WARN_64_TO_32_BIT_CONVERSION = YES;
				GCC_WARN_ABOUT_RETURN_TYPE = YES_ERROR;
				GCC_WARN_UNDECLARED_SELECTOR = YES;
				GCC_WARN_UNINITIALIZED_AUTOS = YES_AGGRESSIVE;
				GCC_WARN_UNUSED_FUNCTION = YES;
				GCC_WARN_UNUSED_VARIABLE = YES;
				IPHONEOS_DEPLOYMENT_TARGET = 12.2;
				MTL_ENABLE_DEBUG_INFO = INCLUDE_SOURCE;
				MTL_FAST_MATH = YES;
				ONLY_ACTIVE_ARCH = YES;
				SDKROOT = iphoneos;
				SWIFT_ACTIVE_COMPILATION_CONDITIONS = DEBUG;
				SWIFT_OPTIMIZATION_LEVEL = "-Onone";
			};
			name = Debug;
		};
		C722E0082271681A003545CC /* Release */ = {
			isa = XCBuildConfiguration;
			buildSettings = {
				ALWAYS_SEARCH_USER_PATHS = NO;
				CLANG_ANALYZER_NONNULL = YES;
				CLANG_ANALYZER_NUMBER_OBJECT_CONVERSION = YES_AGGRESSIVE;
				CLANG_CXX_LANGUAGE_STANDARD = "gnu++14";
				CLANG_CXX_LIBRARY = "libc++";
				CLANG_ENABLE_MODULES = YES;
				CLANG_ENABLE_OBJC_ARC = YES;
				CLANG_ENABLE_OBJC_WEAK = YES;
				CLANG_WARN_BLOCK_CAPTURE_AUTORELEASING = YES;
				CLANG_WARN_BOOL_CONVERSION = YES;
				CLANG_WARN_COMMA = YES;
				CLANG_WARN_CONSTANT_CONVERSION = YES;
				CLANG_WARN_DEPRECATED_OBJC_IMPLEMENTATIONS = YES;
				CLANG_WARN_DIRECT_OBJC_ISA_USAGE = YES_ERROR;
				CLANG_WARN_DOCUMENTATION_COMMENTS = YES;
				CLANG_WARN_EMPTY_BODY = YES;
				CLANG_WARN_ENUM_CONVERSION = YES;
				CLANG_WARN_INFINITE_RECURSION = YES;
				CLANG_WARN_INT_CONVERSION = YES;
				CLANG_WARN_NON_LITERAL_NULL_CONVERSION = YES;
				CLANG_WARN_OBJC_IMPLICIT_RETAIN_SELF = YES;
				CLANG_WARN_OBJC_LITERAL_CONVERSION = YES;
				CLANG_WARN_OBJC_ROOT_CLASS = YES_ERROR;
				CLANG_WARN_RANGE_LOOP_ANALYSIS = YES;
				CLANG_WARN_STRICT_PROTOTYPES = YES;
				CLANG_WARN_SUSPICIOUS_MOVE = YES;
				CLANG_WARN_UNGUARDED_AVAILABILITY = YES_AGGRESSIVE;
				CLANG_WARN_UNREACHABLE_CODE = YES;
				CLANG_WARN__DUPLICATE_METHOD_MATCH = YES;
				CODE_SIGN_IDENTITY = "iPhone Developer";
				COPY_PHASE_STRIP = NO;
				DEBUG_INFORMATION_FORMAT = "dwarf-with-dsym";
				ENABLE_NS_ASSERTIONS = NO;
				ENABLE_STRICT_OBJC_MSGSEND = YES;
				GCC_C_LANGUAGE_STANDARD = gnu11;
				GCC_NO_COMMON_BLOCKS = YES;
				GCC_WARN_64_TO_32_BIT_CONVERSION = YES;
				GCC_WARN_ABOUT_RETURN_TYPE = YES_ERROR;
				GCC_WARN_UNDECLARED_SELECTOR = YES;
				GCC_WARN_UNINITIALIZED_AUTOS = YES_AGGRESSIVE;
				GCC_WARN_UNUSED_FUNCTION = YES;
				GCC_WARN_UNUSED_VARIABLE = YES;
				IPHONEOS_DEPLOYMENT_TARGET = 12.2;
				MTL_ENABLE_DEBUG_INFO = NO;
				MTL_FAST_MATH = YES;
				SDKROOT = iphoneos;
				SWIFT_COMPILATION_MODE = wholemodule;
				SWIFT_OPTIMIZATION_LEVEL = "-O";
				VALIDATE_PRODUCT = YES;
			};
			name = Release;
		};
		C722E00A2271681A003545CC /* Debug */ = {
			isa = XCBuildConfiguration;
			buildSettings = {
				ASSETCATALOG_COMPILER_APPICON_NAME = AppIcon;
				CODE_SIGN_STYLE = Automatic;
				DEVELOPMENT_TEAM = 4HZZVGNXGK;
				INFOPLIST_FILE = SemaphoreVsDispatchGroup/Info.plist;
				LD_RUNPATH_SEARCH_PATHS = (
					"$(inherited)",
					"@executable_path/Frameworks",
				);
				PRODUCT_BUNDLE_IDENTIFIER = com.lbta.SemaphoreVsDispatchGroup;
				PRODUCT_NAME = "$(TARGET_NAME)";
				SWIFT_VERSION = 5.0;
				TARGETED_DEVICE_FAMILY = "1,2";
			};
			name = Debug;
		};
		C722E00B2271681A003545CC /* Release */ = {
			isa = XCBuildConfiguration;
			buildSettings = {
				ASSETCATALOG_COMPILER_APPICON_NAME = AppIcon;
				CODE_SIGN_STYLE = Automatic;
				DEVELOPMENT_TEAM = 4HZZVGNXGK;
				INFOPLIST_FILE = SemaphoreVsDispatchGroup/Info.plist;
				LD_RUNPATH_SEARCH_PATHS = (
					"$(inherited)",
					"@executable_path/Frameworks",
				);
				PRODUCT_BUNDLE_IDENTIFIER = com.lbta.SemaphoreVsDispatchGroup;
				PRODUCT_NAME = "$(TARGET_NAME)";
				SWIFT_VERSION = 5.0;
				TARGETED_DEVICE_FAMILY = "1,2";
			};
			name = Release;
		};
/* End XCBuildConfiguration section */

/* Begin XCConfigurationList section */
		C722DFF22271681A003545CC /* Build configuration list for PBXProject "SemaphoreVsDispatchGroup" */ = {
			isa = XCConfigurationList;
			buildConfigurations = (
				C722E0072271681A003545CC /* Debug */,
				C722E0082271681A003545CC /* Release */,
			);
			defaultConfigurationIsVisible = 0;
			defaultConfigurationName = Release;
		};
		C722E0092271681A003545CC /* Build configuration list for PBXNativeTarget "SemaphoreVsDispatchGroup" */ = {
			isa = XCConfigurationList;
			buildConfigurations = (
				C722E00A2271681A003545CC /* Debug */,
				C722E00B2271681A003545CC /* Release */,
			);
			defaultConfigurationIsVisible = 0;
			defaultConfigurationName = Release;
		};
/* End XCConfigurationList section */
	};
	rootObject = C722DFEF2271681A003545CC /* Project object */;
}
